// !$*UTF8*$!
{
	archiveVersion = 1;
	classes = {
	};
	objectVersion = 51;
	objects = {

/* Begin PBXBuildFile section */
		0A029E5DFE7688AB042B9C17 /* Pods_Instagram_InstagramUITests.framework in Frameworks */ = {isa = PBXBuildFile; fileRef = 0F4D371FAACFE8F7D540677E /* Pods_Instagram_InstagramUITests.framework */; };
		3D85773F23C5C917D664C167 /* Pods_Instagram.framework in Frameworks */ = {isa = PBXBuildFile; fileRef = 488EA58181B4A9F5171D05E6 /* Pods_Instagram.framework */; };
		5A0F36E1B45FD59CECAF7F37 /* Pods_InstagramTests.framework in Frameworks */ = {isa = PBXBuildFile; fileRef = 812B891E70331D1DAE24C123 /* Pods_InstagramTests.framework */; };
		B010629E2543D5FB0010114C /* AppDelegate.swift in Sources */ = {isa = PBXBuildFile; fileRef = B010629D2543D5FB0010114C /* AppDelegate.swift */; };
		B01062A02543D5FB0010114C /* SceneDelegate.swift in Sources */ = {isa = PBXBuildFile; fileRef = B010629F2543D5FB0010114C /* SceneDelegate.swift */; };
		B01062A52543D5FB0010114C /* Main.storyboard in Resources */ = {isa = PBXBuildFile; fileRef = B01062A32543D5FB0010114C /* Main.storyboard */; };
		B01062A72543D6000010114C /* Assets.xcassets in Resources */ = {isa = PBXBuildFile; fileRef = B01062A62543D6000010114C /* Assets.xcassets */; };
		B01062AA2543D6000010114C /* LaunchScreen.storyboard in Resources */ = {isa = PBXBuildFile; fileRef = B01062A82543D6000010114C /* LaunchScreen.storyboard */; };
		B01062B52543D6010010114C /* InstagramTests.swift in Sources */ = {isa = PBXBuildFile; fileRef = B01062B42543D6010010114C /* InstagramTests.swift */; };
		B01062C02543D6010010114C /* InstagramUITests.swift in Sources */ = {isa = PBXBuildFile; fileRef = B01062BF2543D6010010114C /* InstagramUITests.swift */; };
		B01062CE2543DA2A0010114C /* LoginViewController.swift in Sources */ = {isa = PBXBuildFile; fileRef = B01062CD2543DA2A0010114C /* LoginViewController.swift */; };
		B01062D02543DA460010114C /* FeedViewController.swift in Sources */ = {isa = PBXBuildFile; fileRef = B01062CF2543DA460010114C /* FeedViewController.swift */; };
		B01062D22543E3C80010114C /* CameraViewController.swift in Sources */ = {isa = PBXBuildFile; fileRef = B01062D12543E3C80010114C /* CameraViewController.swift */; };
		B01062D42543EEB10010114C /* PostCell.swift in Sources */ = {isa = PBXBuildFile; fileRef = B01062D32543EEB10010114C /* PostCell.swift */; };
/* End PBXBuildFile section */

/* Begin PBXContainerItemProxy section */
		B01062B12543D6010010114C /* PBXContainerItemProxy */ = {
			isa = PBXContainerItemProxy;
			containerPortal = B01062922543D5FB0010114C /* Project object */;
			proxyType = 1;
			remoteGlobalIDString = B01062992543D5FB0010114C;
			remoteInfo = Instagram;
		};
		B01062BC2543D6010010114C /* PBXContainerItemProxy */ = {
			isa = PBXContainerItemProxy;
			containerPortal = B01062922543D5FB0010114C /* Project object */;
			proxyType = 1;
			remoteGlobalIDString = B01062992543D5FB0010114C;
			remoteInfo = Instagram;
		};
/* End PBXContainerItemProxy section */

/* Begin PBXFileReference section */
		0F4D371FAACFE8F7D540677E /* Pods_Instagram_InstagramUITests.framework */ = {isa = PBXFileReference; explicitFileType = wrapper.framework; includeInIndex = 0; path = Pods_Instagram_InstagramUITests.framework; sourceTree = BUILT_PRODUCTS_DIR; };
		414F8DE376587B4AD25462C1 /* Pods-Instagram-InstagramUITests.debug.xcconfig */ = {isa = PBXFileReference; includeInIndex = 1; lastKnownFileType = text.xcconfig; name = "Pods-Instagram-InstagramUITests.debug.xcconfig"; path = "Target Support Files/Pods-Instagram-InstagramUITests/Pods-Instagram-InstagramUITests.debug.xcconfig"; sourceTree = "<group>"; };
		488EA58181B4A9F5171D05E6 /* Pods_Instagram.framework */ = {isa = PBXFileReference; explicitFileType = wrapper.framework; includeInIndex = 0; path = Pods_Instagram.framework; sourceTree = BUILT_PRODUCTS_DIR; };
		76E7AB4C01D610689FAD9020 /* Pods-InstagramTests.release.xcconfig */ = {isa = PBXFileReference; includeInIndex = 1; lastKnownFileType = text.xcconfig; name = "Pods-InstagramTests.release.xcconfig"; path = "Target Support Files/Pods-InstagramTests/Pods-InstagramTests.release.xcconfig"; sourceTree = "<group>"; };
		812B891E70331D1DAE24C123 /* Pods_InstagramTests.framework */ = {isa = PBXFileReference; explicitFileType = wrapper.framework; includeInIndex = 0; path = Pods_InstagramTests.framework; sourceTree = BUILT_PRODUCTS_DIR; };
		81B1B1E6D506956EA87835A2 /* Pods-InstagramTests.debug.xcconfig */ = {isa = PBXFileReference; includeInIndex = 1; lastKnownFileType = text.xcconfig; name = "Pods-InstagramTests.debug.xcconfig"; path = "Target Support Files/Pods-InstagramTests/Pods-InstagramTests.debug.xcconfig"; sourceTree = "<group>"; };
		8DA72E3E21A35EF2FF39E712 /* Pods-Instagram-InstagramUITests.release.xcconfig */ = {isa = PBXFileReference; includeInIndex = 1; lastKnownFileType = text.xcconfig; name = "Pods-Instagram-InstagramUITests.release.xcconfig"; path = "Target Support Files/Pods-Instagram-InstagramUITests/Pods-Instagram-InstagramUITests.release.xcconfig"; sourceTree = "<group>"; };
		B010629A2543D5FB0010114C /* Instagram.app */ = {isa = PBXFileReference; explicitFileType = wrapper.application; includeInIndex = 0; path = Instagram.app; sourceTree = BUILT_PRODUCTS_DIR; };
		B010629D2543D5FB0010114C /* AppDelegate.swift */ = {isa = PBXFileReference; lastKnownFileType = sourcecode.swift; path = AppDelegate.swift; sourceTree = "<group>"; };
		B010629F2543D5FB0010114C /* SceneDelegate.swift */ = {isa = PBXFileReference; lastKnownFileType = sourcecode.swift; path = SceneDelegate.swift; sourceTree = "<group>"; };
		B01062A42543D5FB0010114C /* Base */ = {isa = PBXFileReference; lastKnownFileType = file.storyboard; name = Base; path = Base.lproj/Main.storyboard; sourceTree = "<group>"; };
		B01062A62543D6000010114C /* Assets.xcassets */ = {isa = PBXFileReference; lastKnownFileType = folder.assetcatalog; path = Assets.xcassets; sourceTree = "<group>"; };
		B01062A92543D6000010114C /* Base */ = {isa = PBXFileReference; lastKnownFileType = file.storyboard; name = Base; path = Base.lproj/LaunchScreen.storyboard; sourceTree = "<group>"; };
		B01062AB2543D6000010114C /* Info.plist */ = {isa = PBXFileReference; lastKnownFileType = text.plist.xml; path = Info.plist; sourceTree = "<group>"; };
		B01062B02543D6010010114C /* InstagramTests.xctest */ = {isa = PBXFileReference; explicitFileType = wrapper.cfbundle; includeInIndex = 0; path = InstagramTests.xctest; sourceTree = BUILT_PRODUCTS_DIR; };
		B01062B42543D6010010114C /* InstagramTests.swift */ = {isa = PBXFileReference; lastKnownFileType = sourcecode.swift; path = InstagramTests.swift; sourceTree = "<group>"; };
		B01062B62543D6010010114C /* Info.plist */ = {isa = PBXFileReference; lastKnownFileType = text.plist.xml; path = Info.plist; sourceTree = "<group>"; };
		B01062BB2543D6010010114C /* InstagramUITests.xctest */ = {isa = PBXFileReference; explicitFileType = wrapper.cfbundle; includeInIndex = 0; path = InstagramUITests.xctest; sourceTree = BUILT_PRODUCTS_DIR; };
		B01062BF2543D6010010114C /* InstagramUITests.swift */ = {isa = PBXFileReference; lastKnownFileType = sourcecode.swift; path = InstagramUITests.swift; sourceTree = "<group>"; };
		B01062C12543D6010010114C /* Info.plist */ = {isa = PBXFileReference; lastKnownFileType = text.plist.xml; path = Info.plist; sourceTree = "<group>"; };
		B01062CD2543DA2A0010114C /* LoginViewController.swift */ = {isa = PBXFileReference; lastKnownFileType = sourcecode.swift; path = LoginViewController.swift; sourceTree = "<group>"; };
		B01062CF2543DA460010114C /* FeedViewController.swift */ = {isa = PBXFileReference; lastKnownFileType = sourcecode.swift; path = FeedViewController.swift; sourceTree = "<group>"; };
		B01062D12543E3C80010114C /* CameraViewController.swift */ = {isa = PBXFileReference; lastKnownFileType = sourcecode.swift; path = CameraViewController.swift; sourceTree = "<group>"; };
		B01062D32543EEB10010114C /* PostCell.swift */ = {isa = PBXFileReference; lastKnownFileType = sourcecode.swift; path = PostCell.swift; sourceTree = "<group>"; };
		B12CBB6829B6D97755A10279 /* Pods-Instagram.debug.xcconfig */ = {isa = PBXFileReference; includeInIndex = 1; lastKnownFileType = text.xcconfig; name = "Pods-Instagram.debug.xcconfig"; path = "Target Support Files/Pods-Instagram/Pods-Instagram.debug.xcconfig"; sourceTree = "<group>"; };
		B750B4506A56E38752BA8C1C /* Pods-Instagram.release.xcconfig */ = {isa = PBXFileReference; includeInIndex = 1; lastKnownFileType = text.xcconfig; name = "Pods-Instagram.release.xcconfig"; path = "Target Support Files/Pods-Instagram/Pods-Instagram.release.xcconfig"; sourceTree = "<group>"; };
/* End PBXFileReference section */

/* Begin PBXFrameworksBuildPhase section */
		B01062972543D5FB0010114C /* Frameworks */ = {
			isa = PBXFrameworksBuildPhase;
			buildActionMask = 2147483647;
			files = (
				3D85773F23C5C917D664C167 /* Pods_Instagram.framework in Frameworks */,
			);
			runOnlyForDeploymentPostprocessing = 0;
		};
		B01062AD2543D6010010114C /* Frameworks */ = {
			isa = PBXFrameworksBuildPhase;
			buildActionMask = 2147483647;
			files = (
				5A0F36E1B45FD59CECAF7F37 /* Pods_InstagramTests.framework in Frameworks */,
			);
			runOnlyForDeploymentPostprocessing = 0;
		};
		B01062B82543D6010010114C /* Frameworks */ = {
			isa = PBXFrameworksBuildPhase;
			buildActionMask = 2147483647;
			files = (
				0A029E5DFE7688AB042B9C17 /* Pods_Instagram_InstagramUITests.framework in Frameworks */,
			);
			runOnlyForDeploymentPostprocessing = 0;
		};
/* End PBXFrameworksBuildPhase section */

/* Begin PBXGroup section */
		B01062912543D5FB0010114C = {
			isa = PBXGroup;
			children = (
				B010629C2543D5FB0010114C /* Instagram */,
				B01062B32543D6010010114C /* InstagramTests */,
				B01062BE2543D6010010114C /* InstagramUITests */,
				B010629B2543D5FB0010114C /* Products */,
				DFF198CF492AFBB35F1E71E2 /* Pods */,
				CF1C52420B4A0F8791B08234 /* Frameworks */,
			);
			sourceTree = "<group>";
		};
		B010629B2543D5FB0010114C /* Products */ = {
			isa = PBXGroup;
			children = (
				B010629A2543D5FB0010114C /* Instagram.app */,
				B01062B02543D6010010114C /* InstagramTests.xctest */,
				B01062BB2543D6010010114C /* InstagramUITests.xctest */,
			);
			name = Products;
			sourceTree = "<group>";
		};
		B010629C2543D5FB0010114C /* Instagram */ = {
			isa = PBXGroup;
			children = (
				B010629D2543D5FB0010114C /* AppDelegate.swift */,
				B010629F2543D5FB0010114C /* SceneDelegate.swift */,
				B01062A32543D5FB0010114C /* Main.storyboard */,
				B01062A62543D6000010114C /* Assets.xcassets */,
				B01062A82543D6000010114C /* LaunchScreen.storyboard */,
				B01062AB2543D6000010114C /* Info.plist */,
				B01062CD2543DA2A0010114C /* LoginViewController.swift */,
				B01062CF2543DA460010114C /* FeedViewController.swift */,
				B01062D12543E3C80010114C /* CameraViewController.swift */,
				B01062D32543EEB10010114C /* PostCell.swift */,
			);
			path = Instagram;
			sourceTree = "<group>";
		};
		B01062B32543D6010010114C /* InstagramTests */ = {
			isa = PBXGroup;
			children = (
				B01062B42543D6010010114C /* InstagramTests.swift */,
				B01062B62543D6010010114C /* Info.plist */,
			);
			path = InstagramTests;
			sourceTree = "<group>";
		};
		B01062BE2543D6010010114C /* InstagramUITests */ = {
			isa = PBXGroup;
			children = (
				B01062BF2543D6010010114C /* InstagramUITests.swift */,
				B01062C12543D6010010114C /* Info.plist */,
			);
			path = InstagramUITests;
			sourceTree = "<group>";
		};
		CF1C52420B4A0F8791B08234 /* Frameworks */ = {
			isa = PBXGroup;
			children = (
				488EA58181B4A9F5171D05E6 /* Pods_Instagram.framework */,
				0F4D371FAACFE8F7D540677E /* Pods_Instagram_InstagramUITests.framework */,
				812B891E70331D1DAE24C123 /* Pods_InstagramTests.framework */,
			);
			name = Frameworks;
			sourceTree = "<group>";
		};
		DFF198CF492AFBB35F1E71E2 /* Pods */ = {
			isa = PBXGroup;
			children = (
				B12CBB6829B6D97755A10279 /* Pods-Instagram.debug.xcconfig */,
				B750B4506A56E38752BA8C1C /* Pods-Instagram.release.xcconfig */,
				414F8DE376587B4AD25462C1 /* Pods-Instagram-InstagramUITests.debug.xcconfig */,
				8DA72E3E21A35EF2FF39E712 /* Pods-Instagram-InstagramUITests.release.xcconfig */,
				81B1B1E6D506956EA87835A2 /* Pods-InstagramTests.debug.xcconfig */,
				76E7AB4C01D610689FAD9020 /* Pods-InstagramTests.release.xcconfig */,
			);
			path = Pods;
			sourceTree = "<group>";
		};
/* End PBXGroup section */

/* Begin PBXNativeTarget section */
		B01062992543D5FB0010114C /* Instagram */ = {
			isa = PBXNativeTarget;
			buildConfigurationList = B01062C42543D6010010114C /* Build configuration list for PBXNativeTarget "Instagram" */;
			buildPhases = (
				037C30D410B2F8288D75642C /* [CP] Check Pods Manifest.lock */,
				B01062962543D5FB0010114C /* Sources */,
				B01062972543D5FB0010114C /* Frameworks */,
				B01062982543D5FB0010114C /* Resources */,
				23BC5091D7A113F2B041A104 /* [CP] Embed Pods Frameworks */,
			);
			buildRules = (
			);
			dependencies = (
			);
			name = Instagram;
			productName = Instagram;
			productReference = B010629A2543D5FB0010114C /* Instagram.app */;
			productType = "com.apple.product-type.application";
		};
		B01062AF2543D6010010114C /* InstagramTests */ = {
			isa = PBXNativeTarget;
			buildConfigurationList = B01062C72543D6010010114C /* Build configuration list for PBXNativeTarget "InstagramTests" */;
			buildPhases = (
				4358535352A92B9C12739BDC /* [CP] Check Pods Manifest.lock */,
				B01062AC2543D6010010114C /* Sources */,
				B01062AD2543D6010010114C /* Frameworks */,
				B01062AE2543D6010010114C /* Resources */,
			);
			buildRules = (
			);
			dependencies = (
				B01062B22543D6010010114C /* PBXTargetDependency */,
			);
			name = InstagramTests;
			productName = InstagramTests;
			productReference = B01062B02543D6010010114C /* InstagramTests.xctest */;
			productType = "com.apple.product-type.bundle.unit-test";
		};
		B01062BA2543D6010010114C /* InstagramUITests */ = {
			isa = PBXNativeTarget;
			buildConfigurationList = B01062CA2543D6010010114C /* Build configuration list for PBXNativeTarget "InstagramUITests" */;
			buildPhases = (
				BF7727C5DDCD52818E24073A /* [CP] Check Pods Manifest.lock */,
				B01062B72543D6010010114C /* Sources */,
				B01062B82543D6010010114C /* Frameworks */,
				B01062B92543D6010010114C /* Resources */,
				E1DF84A7E4B9AACAD60ADF98 /* [CP] Embed Pods Frameworks */,
			);
			buildRules = (
			);
			dependencies = (
				B01062BD2543D6010010114C /* PBXTargetDependency */,
			);
			name = InstagramUITests;
			productName = InstagramUITests;
			productReference = B01062BB2543D6010010114C /* InstagramUITests.xctest */;
			productType = "com.apple.product-type.bundle.ui-testing";
		};
/* End PBXNativeTarget section */

/* Begin PBXProject section */
		B01062922543D5FB0010114C /* Project object */ = {
			isa = PBXProject;
			attributes = {
				LastSwiftUpdateCheck = 1160;
				LastUpgradeCheck = 1160;
				ORGANIZATIONNAME = "Pranavi Parsi";
				TargetAttributes = {
					B01062992543D5FB0010114C = {
						CreatedOnToolsVersion = 11.6;
					};
					B01062AF2543D6010010114C = {
						CreatedOnToolsVersion = 11.6;
						TestTargetID = B01062992543D5FB0010114C;
					};
					B01062BA2543D6010010114C = {
						CreatedOnToolsVersion = 11.6;
						TestTargetID = B01062992543D5FB0010114C;
					};
				};
			};
			buildConfigurationList = B01062952543D5FB0010114C /* Build configuration list for PBXProject "Instagram" */;
			compatibilityVersion = "Xcode 9.3";
			developmentRegion = en;
			hasScannedForEncodings = 0;
			knownRegions = (
				en,
				Base,
			);
			mainGroup = B01062912543D5FB0010114C;
			productRefGroup = B010629B2543D5FB0010114C /* Products */;
			projectDirPath = "";
			projectRoot = "";
			targets = (
				B01062992543D5FB0010114C /* Instagram */,
				B01062AF2543D6010010114C /* InstagramTests */,
				B01062BA2543D6010010114C /* InstagramUITests */,
			);
		};
/* End PBXProject section */

/* Begin PBXResourcesBuildPhase section */
		B01062982543D5FB0010114C /* Resources */ = {
			isa = PBXResourcesBuildPhase;
			buildActionMask = 2147483647;
			files = (
				B01062AA2543D6000010114C /* LaunchScreen.storyboard in Resources */,
				B01062A72543D6000010114C /* Assets.xcassets in Resources */,
				B01062A52543D5FB0010114C /* Main.storyboard in Resources */,
			);
			runOnlyForDeploymentPostprocessing = 0;
		};
		B01062AE2543D6010010114C /* Resources */ = {
			isa = PBXResourcesBuildPhase;
			buildActionMask = 2147483647;
			files = (
			);
			runOnlyForDeploymentPostprocessing = 0;
		};
		B01062B92543D6010010114C /* Resources */ = {
			isa = PBXResourcesBuildPhase;
			buildActionMask = 2147483647;
			files = (
			);
			runOnlyForDeploymentPostprocessing = 0;
		};
/* End PBXResourcesBuildPhase section */

/* Begin PBXShellScriptBuildPhase section */
		037C30D410B2F8288D75642C /* [CP] Check Pods Manifest.lock */ = {
			isa = PBXShellScriptBuildPhase;
			buildActionMask = 2147483647;
			files = (
			);
			inputFileListPaths = (
			);
			inputPaths = (
				"${PODS_PODFILE_DIR_PATH}/Podfile.lock",
				"${PODS_ROOT}/Manifest.lock",
			);
			name = "[CP] Check Pods Manifest.lock";
			outputFileListPaths = (
			);
			outputPaths = (
				"$(DERIVED_FILE_DIR)/Pods-Instagram-checkManifestLockResult.txt",
			);
			runOnlyForDeploymentPostprocessing = 0;
			shellPath = /bin/sh;
			shellScript = "diff \"${PODS_PODFILE_DIR_PATH}/Podfile.lock\" \"${PODS_ROOT}/Manifest.lock\" > /dev/null\nif [ $? != 0 ] ; then\n    # print error to STDERR\n    echo \"error: The sandbox is not in sync with the Podfile.lock. Run 'pod install' or update your CocoaPods installation.\" >&2\n    exit 1\nfi\n# This output is used by Xcode 'outputs' to avoid re-running this script phase.\necho \"SUCCESS\" > \"${SCRIPT_OUTPUT_FILE_0}\"\n";
			showEnvVarsInLog = 0;
		};
		23BC5091D7A113F2B041A104 /* [CP] Embed Pods Frameworks */ = {
			isa = PBXShellScriptBuildPhase;
			buildActionMask = 2147483647;
			files = (
			);
			inputFileListPaths = (
				"${PODS_ROOT}/Target Support Files/Pods-Instagram/Pods-Instagram-frameworks-${CONFIGURATION}-input-files.xcfilelist",
			);
			name = "[CP] Embed Pods Frameworks";
			outputFileListPaths = (
				"${PODS_ROOT}/Target Support Files/Pods-Instagram/Pods-Instagram-frameworks-${CONFIGURATION}-output-files.xcfilelist",
			);
			runOnlyForDeploymentPostprocessing = 0;
			shellPath = /bin/sh;
			shellScript = "\"${PODS_ROOT}/Target Support Files/Pods-Instagram/Pods-Instagram-frameworks.sh\"\n";
			showEnvVarsInLog = 0;
		};
		4358535352A92B9C12739BDC /* [CP] Check Pods Manifest.lock */ = {
			isa = PBXShellScriptBuildPhase;
			buildActionMask = 2147483647;
			files = (
			);
			inputFileListPaths = (
			);
			inputPaths = (
				"${PODS_PODFILE_DIR_PATH}/Podfile.lock",
				"${PODS_ROOT}/Manifest.lock",
			);
			name = "[CP] Check Pods Manifest.lock";
			outputFileListPaths = (
			);
			outputPaths = (
				"$(DERIVED_FILE_DIR)/Pods-InstagramTests-checkManifestLockResult.txt",
			);
			runOnlyForDeploymentPostprocessing = 0;
			shellPath = /bin/sh;
			shellScript = "diff \"${PODS_PODFILE_DIR_PATH}/Podfile.lock\" \"${PODS_ROOT}/Manifest.lock\" > /dev/null\nif [ $? != 0 ] ; then\n    # print error to STDERR\n    echo \"error: The sandbox is not in sync with the Podfile.lock. Run 'pod install' or update your CocoaPods installation.\" >&2\n    exit 1\nfi\n# This output is used by Xcode 'outputs' to avoid re-running this script phase.\necho \"SUCCESS\" > \"${SCRIPT_OUTPUT_FILE_0}\"\n";
			showEnvVarsInLog = 0;
		};
		BF7727C5DDCD52818E24073A /* [CP] Check Pods Manifest.lock */ = {
			isa = PBXShellScriptBuildPhase;
			buildActionMask = 2147483647;
			files = (
			);
			inputFileListPaths = (
			);
			inputPaths = (
				"${PODS_PODFILE_DIR_PATH}/Podfile.lock",
				"${PODS_ROOT}/Manifest.lock",
			);
			name = "[CP] Check Pods Manifest.lock";
			outputFileListPaths = (
			);
			outputPaths = (
				"$(DERIVED_FILE_DIR)/Pods-Instagram-InstagramUITests-checkManifestLockResult.txt",
			);
			runOnlyForDeploymentPostprocessing = 0;
			shellPath = /bin/sh;
			shellScript = "diff \"${PODS_PODFILE_DIR_PATH}/Podfile.lock\" \"${PODS_ROOT}/Manifest.lock\" > /dev/null\nif [ $? != 0 ] ; then\n    # print error to STDERR\n    echo \"error: The sandbox is not in sync with the Podfile.lock. Run 'pod install' or update your CocoaPods installation.\" >&2\n    exit 1\nfi\n# This output is used by Xcode 'outputs' to avoid re-running this script phase.\necho \"SUCCESS\" > \"${SCRIPT_OUTPUT_FILE_0}\"\n";
			showEnvVarsInLog = 0;
		};
		E1DF84A7E4B9AACAD60ADF98 /* [CP] Embed Pods Frameworks */ = {
			isa = PBXShellScriptBuildPhase;
			buildActionMask = 2147483647;
			files = (
			);
			inputFileListPaths = (
				"${PODS_ROOT}/Target Support Files/Pods-Instagram-InstagramUITests/Pods-Instagram-InstagramUITests-frameworks-${CONFIGURATION}-input-files.xcfilelist",
			);
			name = "[CP] Embed Pods Frameworks";
			outputFileListPaths = (
				"${PODS_ROOT}/Target Support Files/Pods-Instagram-InstagramUITests/Pods-Instagram-InstagramUITests-frameworks-${CONFIGURATION}-output-files.xcfilelist",
			);
			runOnlyForDeploymentPostprocessing = 0;
			shellPath = /bin/sh;
			shellScript = "\"${PODS_ROOT}/Target Support Files/Pods-Instagram-InstagramUITests/Pods-Instagram-InstagramUITests-frameworks.sh\"\n";
			showEnvVarsInLog = 0;
		};
/* End PBXShellScriptBuildPhase section */

/* Begin PBXSourcesBuildPhase section */
		B01062962543D5FB0010114C /* Sources */ = {
			isa = PBXSourcesBuildPhase;
			buildActionMask = 2147483647;
			files = (
				B01062CE2543DA2A0010114C /* LoginViewController.swift in Sources */,
				B01062D22543E3C80010114C /* CameraViewController.swift in Sources */,
				B010629E2543D5FB0010114C /* AppDelegate.swift in Sources */,
				B01062D02543DA460010114C /* FeedViewController.swift in Sources */,
				B01062A02543D5FB0010114C /* SceneDelegate.swift in Sources */,
				B01062D42543EEB10010114C /* PostCell.swift in Sources */,
			);
			runOnlyForDeploymentPostprocessing = 0;
		};
		B01062AC2543D6010010114C /* Sources */ = {
			isa = PBXSourcesBuildPhase;
			buildActionMask = 2147483647;
			files = (
				B01062B52543D6010010114C /* InstagramTests.swift in Sources */,
			);
			runOnlyForDeploymentPostprocessing = 0;
		};
		B01062B72543D6010010114C /* Sources */ = {
			isa = PBXSourcesBuildPhase;
			buildActionMask = 2147483647;
			files = (
				B01062C02543D6010010114C /* InstagramUITests.swift in Sources */,
			);
			runOnlyForDeploymentPostprocessing = 0;
		};
/* End PBXSourcesBuildPhase section */

/* Begin PBXTargetDependency section */
		B01062B22543D6010010114C /* PBXTargetDependency */ = {
			isa = PBXTargetDependency;
			target = B01062992543D5FB0010114C /* Instagram */;
			targetProxy = B01062B12543D6010010114C /* PBXContainerItemProxy */;
		};
		B01062BD2543D6010010114C /* PBXTargetDependency */ = {
			isa = PBXTargetDependency;
			target = B01062992543D5FB0010114C /* Instagram */;
			targetProxy = B01062BC2543D6010010114C /* PBXContainerItemProxy */;
		};
/* End PBXTargetDependency section */

/* Begin PBXVariantGroup section */
		B01062A32543D5FB0010114C /* Main.storyboard */ = {
			isa = PBXVariantGroup;
			children = (
				B01062A42543D5FB0010114C /* Base */,
			);
			name = Main.storyboard;
			sourceTree = "<group>";
		};
		B01062A82543D6000010114C /* LaunchScreen.storyboard */ = {
			isa = PBXVariantGroup;
			children = (
				B01062A92543D6000010114C /* Base */,
			);
			name = LaunchScreen.storyboard;
			sourceTree = "<group>";
		};
/* End PBXVariantGroup section */

/* Begin XCBuildConfiguration section */
		B01062C22543D6010010114C /* Debug */ = {
			isa = XCBuildConfiguration;
			buildSettings = {
				ALWAYS_SEARCH_USER_PATHS = NO;
				CLANG_ANALYZER_NONNULL = YES;
				CLANG_ANALYZER_NUMBER_OBJECT_CONVERSION = YES_AGGRESSIVE;
				CLANG_CXX_LANGUAGE_STANDARD = "gnu++14";
				CLANG_CXX_LIBRARY = "libc++";
				CLANG_ENABLE_MODULES = YES;
				CLANG_ENABLE_OBJC_ARC = YES;
				CLANG_ENABLE_OBJC_WEAK = YES;
				CLANG_WARN_BLOCK_CAPTURE_AUTORELEASING = YES;
				CLANG_WARN_BOOL_CONVERSION = YES;
				CLANG_WARN_COMMA = YES;
				CLANG_WARN_CONSTANT_CONVERSION = YES;
				CLANG_WARN_DEPRECATED_OBJC_IMPLEMENTATIONS = YES;
				CLANG_WARN_DIRECT_OBJC_ISA_USAGE = YES_ERROR;
				CLANG_WARN_DOCUMENTATION_COMMENTS = YES;
				CLANG_WARN_EMPTY_BODY = YES;
				CLANG_WARN_ENUM_CONVERSION = YES;
				CLANG_WARN_INFINITE_RECURSION = YES;
				CLANG_WARN_INT_CONVERSION = YES;
				CLANG_WARN_NON_LITERAL_NULL_CONVERSION = YES;
				CLANG_WARN_OBJC_IMPLICIT_RETAIN_SELF = YES;
				CLANG_WARN_OBJC_LITERAL_CONVERSION = YES;
				CLANG_WARN_OBJC_ROOT_CLASS = YES_ERROR;
				CLANG_WARN_RANGE_LOOP_ANALYSIS = YES;
				CLANG_WARN_STRICT_PROTOTYPES = YES;
				CLANG_WARN_SUSPICIOUS_MOVE = YES;
				CLANG_WARN_UNGUARDED_AVAILABILITY = YES_AGGRESSIVE;
				CLANG_WARN_UNREACHABLE_CODE = YES;
				CLANG_WARN__DUPLICATE_METHOD_MATCH = YES;
				COPY_PHASE_STRIP = NO;
				DEBUG_INFORMATION_FORMAT = dwarf;
				ENABLE_STRICT_OBJC_MSGSEND = YES;
				ENABLE_TESTABILITY = YES;
				GCC_C_LANGUAGE_STANDARD = gnu11;
				GCC_DYNAMIC_NO_PIC = NO;
				GCC_NO_COMMON_BLOCKS = YES;
				GCC_OPTIMIZATION_LEVEL = 0;
				GCC_PREPROCESSOR_DEFINITIONS = (
					"DEBUG=1",
					"$(inherited)",
				);
				GCC_WARN_64_TO_32_BIT_CONVERSION = YES;
				GCC_WARN_ABOUT_RETURN_TYPE = YES_ERROR;
				GCC_WARN_UNDECLARED_SELECTOR = YES;
				GCC_WARN_UNINITIALIZED_AUTOS = YES_AGGRESSIVE;
				GCC_WARN_UNUSED_FUNCTION = YES;
				GCC_WARN_UNUSED_VARIABLE = YES;
				IPHONEOS_DEPLOYMENT_TARGET = 13.6;
				MTL_ENABLE_DEBUG_INFO = INCLUDE_SOURCE;
				MTL_FAST_MATH = YES;
				ONLY_ACTIVE_ARCH = YES;
				SDKROOT = iphoneos;
				SWIFT_ACTIVE_COMPILATION_CONDITIONS = DEBUG;
				SWIFT_OPTIMIZATION_LEVEL = "-Onone";
			};
			name = Debug;
		};
		B01062C32543D6010010114C /* Release */ = {
			isa = XCBuildConfiguration;
			buildSettings = {
				ALWAYS_SEARCH_USER_PATHS = NO;
				CLANG_ANALYZER_NONNULL = YES;
				CLANG_ANALYZER_NUMBER_OBJECT_CONVERSION = YES_AGGRESSIVE;
				CLANG_CXX_LANGUAGE_STANDARD = "gnu++14";
				CLANG_CXX_LIBRARY = "libc++";
				CLANG_ENABLE_MODULES = YES;
				CLANG_ENABLE_OBJC_ARC = YES;
				CLANG_ENABLE_OBJC_WEAK = YES;
				CLANG_WARN_BLOCK_CAPTURE_AUTORELEASING = YES;
				CLANG_WARN_BOOL_CONVERSION = YES;
				CLANG_WARN_COMMA = YES;
				CLANG_WARN_CONSTANT_CONVERSION = YES;
				CLANG_WARN_DEPRECATED_OBJC_IMPLEMENTATIONS = YES;
				CLANG_WARN_DIRECT_OBJC_ISA_USAGE = YES_ERROR;
				CLANG_WARN_DOCUMENTATION_COMMENTS = YES;
				CLANG_WARN_EMPTY_BODY = YES;
				CLANG_WARN_ENUM_CONVERSION = YES;
				CLANG_WARN_INFINITE_RECURSION = YES;
				CLANG_WARN_INT_CONVERSION = YES;
				CLANG_WARN_NON_LITERAL_NULL_CONVERSION = YES;
				CLANG_WARN_OBJC_IMPLICIT_RETAIN_SELF = YES;
				CLANG_WARN_OBJC_LITERAL_CONVERSION = YES;
				CLANG_WARN_OBJC_ROOT_CLASS = YES_ERROR;
				CLANG_WARN_RANGE_LOOP_ANALYSIS = YES;
				CLANG_WARN_STRICT_PROTOTYPES = YES;
				CLANG_WARN_SUSPICIOUS_MOVE = YES;
				CLANG_WARN_UNGUARDED_AVAILABILITY = YES_AGGRESSIVE;
				CLANG_WARN_UNREACHABLE_CODE = YES;
				CLANG_WARN__DUPLICATE_METHOD_MATCH = YES;
				COPY_PHASE_STRIP = NO;
				DEBUG_INFORMATION_FORMAT = "dwarf-with-dsym";
				ENABLE_NS_ASSERTIONS = NO;
				ENABLE_STRICT_OBJC_MSGSEND = YES;
				GCC_C_LANGUAGE_STANDARD = gnu11;
				GCC_NO_COMMON_BLOCKS = YES;
				GCC_WARN_64_TO_32_BIT_CONVERSION = YES;
				GCC_WARN_ABOUT_RETURN_TYPE = YES_ERROR;
				GCC_WARN_UNDECLARED_SELECTOR = YES;
				GCC_WARN_UNINITIALIZED_AUTOS = YES_AGGRESSIVE;
				GCC_WARN_UNUSED_FUNCTION = YES;
				GCC_WARN_UNUSED_VARIABLE = YES;
				IPHONEOS_DEPLOYMENT_TARGET = 13.6;
				MTL_ENABLE_DEBUG_INFO = NO;
				MTL_FAST_MATH = YES;
				SDKROOT = iphoneos;
				SWIFT_COMPILATION_MODE = wholemodule;
				SWIFT_OPTIMIZATION_LEVEL = "-O";
				VALIDATE_PRODUCT = YES;
			};
			name = Release;
		};
		B01062C52543D6010010114C /* Debug */ = {
			isa = XCBuildConfiguration;
			baseConfigurationReference = B12CBB6829B6D97755A10279 /* Pods-Instagram.debug.xcconfig */;
			buildSettings = {
				ASSETCATALOG_COMPILER_APPICON_NAME = AppIcon;
				CODE_SIGN_STYLE = Automatic;
				INFOPLIST_FILE = Instagram/Info.plist;
				LD_RUNPATH_SEARCH_PATHS = (
					"$(inherited)",
					"@executable_path/Frameworks",
				);
				PRODUCT_BUNDLE_IDENTIFIER = "Pranavi-Parsi.Instagram";
				PRODUCT_NAME = "$(TARGET_NAME)";
				SWIFT_VERSION = 5.0;
				TARGETED_DEVICE_FAMILY = "1,2";
			};
			name = Debug;
		};
		B01062C62543D6010010114C /* Release */ = {
			isa = XCBuildConfiguration;
			baseConfigurationReference = B750B4506A56E38752BA8C1C /* Pods-Instagram.release.xcconfig */;
			buildSettings = {
				ASSETCATALOG_COMPILER_APPICON_NAME = AppIcon;
				CODE_SIGN_STYLE = Automatic;
				INFOPLIST_FILE = Instagram/Info.plist;
				LD_RUNPATH_SEARCH_PATHS = (
					"$(inherited)",
					"@executable_path/Frameworks",
				);
				PRODUCT_BUNDLE_IDENTIFIER = "Pranavi-Parsi.Instagram";
				PRODUCT_NAME = "$(TARGET_NAME)";
				SWIFT_VERSION = 5.0;
				TARGETED_DEVICE_FAMILY = "1,2";
			};
			name = Release;
		};
		B01062C82543D6010010114C /* Debug */ = {
			isa = XCBuildConfiguration;
			baseConfigurationReference = 81B1B1E6D506956EA87835A2 /* Pods-InstagramTests.debug.xcconfig */;
			buildSettings = {
				ALWAYS_EMBED_SWIFT_STANDARD_LIBRARIES = YES;
				BUNDLE_LOADER = "$(TEST_HOST)";
				CODE_SIGN_STYLE = Automatic;
				INFOPLIST_FILE = InstagramTests/Info.plist;
				IPHONEOS_DEPLOYMENT_TARGET = 13.6;
				LD_RUNPATH_SEARCH_PATHS = (
					"$(inherited)",
					"@executable_path/Frameworks",
					"@loader_path/Frameworks",
				);
				PRODUCT_BUNDLE_IDENTIFIER = "Pranavi-Parsi.InstagramTests";
				PRODUCT_NAME = "$(TARGET_NAME)";
				SWIFT_VERSION = 5.0;
				TARGETED_DEVICE_FAMILY = "1,2";
				TEST_HOST = "$(BUILT_PRODUCTS_DIR)/Instagram.app/Instagram";
			};
			name = Debug;
		};
		B01062C92543D6010010114C /* Release */ = {
			isa = XCBuildConfiguration;
			baseConfigurationReference = 76E7AB4C01D610689FAD9020 /* Pods-InstagramTests.release.xcconfig */;
			buildSettings = {
				ALWAYS_EMBED_SWIFT_STANDARD_LIBRARIES = YES;
				BUNDLE_LOADER = "$(TEST_HOST)";
				CODE_SIGN_STYLE = Automatic;
				INFOPLIST_FILE = InstagramTests/Info.plist;
				IPHONEOS_DEPLOYMENT_TARGET = 13.6;
				LD_RUNPATH_SEARCH_PATHS = (
					"$(inherited)",
					"@executable_path/Frameworks",
					"@loader_path/Frameworks",
				);
				PRODUCT_BUNDLE_IDENTIFIER = "Pranavi-Parsi.InstagramTests";
				PRODUCT_NAME = "$(TARGET_NAME)";
				SWIFT_VERSION = 5.0;
				TARGETED_DEVICE_FAMILY = "1,2";
				TEST_HOST = "$(BUILT_PRODUCTS_DIR)/Instagram.app/Instagram";
			};
			name = Release;
		};
		B01062CB2543D6010010114C /* Debug */ = {
			isa = XCBuildConfiguration;
			baseConfigurationReference = 414F8DE376587B4AD25462C1 /* Pods-Instagram-InstagramUITests.debug.xcconfig */;
			buildSettings = {
				ALWAYS_EMBED_SWIFT_STANDARD_LIBRARIES = YES;
				CODE_SIGN_STYLE = Automatic;
				INFOPLIST_FILE = InstagramUITests/Info.plist;
				LD_RUNPATH_SEARCH_PATHS = (
					"$(inherited)",
					"@executable_path/Frameworks",
					"@loader_path/Frameworks",
				);
				PRODUCT_BUNDLE_IDENTIFIER = "Pranavi-Parsi.InstagramUITests";
				PRODUCT_NAME = "$(TARGET_NAME)";
				SWIFT_VERSION = 5.0;
				TARGETED_DEVICE_FAMILY = "1,2";
				TEST_TARGET_NAME = Instagram;
			};
			name = Debug;
		};
		B01062CC2543D6010010114C /* Release */ = {
			isa = XCBuildConfiguration;
			baseConfigurationReference = 8DA72E3E21A35EF2FF39E712 /* Pods-Instagram-InstagramUITests.release.xcconfig */;
			buildSettings = {
				ALWAYS_EMBED_SWIFT_STANDARD_LIBRARIES = YES;
				CODE_SIGN_STYLE = Automatic;
				INFOPLIST_FILE = InstagramUITests/Info.plist;
				LD_RUNPATH_SEARCH_PATHS = (
					"$(inherited)",
					"@executable_path/Frameworks",
					"@loader_path/Frameworks",
				);
				PRODUCT_BUNDLE_IDENTIFIER = "Pranavi-Parsi.InstagramUITests";
				PRODUCT_NAME = "$(TARGET_NAME)";
				SWIFT_VERSION = 5.0;
				TARGETED_DEVICE_FAMILY = "1,2";
				TEST_TARGET_NAME = Instagram;
			};
			name = Release;
		};
/* End XCBuildConfiguration section */

/* Begin XCConfigurationList section */
		B01062952543D5FB0010114C /* Build configuration list for PBXProject "Instagram" */ = {
			isa = XCConfigurationList;
			buildConfigurations = (
				B01062C22543D6010010114C /* Debug */,
				B01062C32543D6010010114C /* Release */,
			);
			defaultConfigurationIsVisible = 0;
			defaultConfigurationName = Release;
		};
		B01062C42543D6010010114C /* Build configuration list for PBXNativeTarget "Instagram" */ = {
			isa = XCConfigurationList;
			buildConfigurations = (
				B01062C52543D6010010114C /* Debug */,
				B01062C62543D6010010114C /* Release */,
			);
			defaultConfigurationIsVisible = 0;
			defaultConfigurationName = Release;
		};
		B01062C72543D6010010114C /* Build configuration list for PBXNativeTarget "InstagramTests" */ = {
			isa = XCConfigurationList;
			buildConfigurations = (
				B01062C82543D6010010114C /* Debug */,
				B01062C92543D6010010114C /* Release */,
			);
			defaultConfigurationIsVisible = 0;
			defaultConfigurationName = Release;
		};
		B01062CA2543D6010010114C /* Build configuration list for PBXNativeTarget "InstagramUITests" */ = {
			isa = XCConfigurationList;
			buildConfigurations = (
				B01062CB2543D6010010114C /* Debug */,
				B01062CC2543D6010010114C /* Release */,
			);
			defaultConfigurationIsVisible = 0;
			defaultConfigurationName = Release;
		};
/* End XCConfigurationList section */
	};
	rootObject = B01062922543D5FB0010114C /* Project object */;
}
